
Microsoft Visual Studio Solution File, Format Version 12.00
# Visual Studio Version 16
VisualStudioVersion = 16.0.31727.386
MinimumVisualStudioVersion = 10.0.40219.1
Project("{8BC9CEB8-8B4A-11D0-8D11-00A0C91BC942}") = "SlidingRectangles", "SlidingRectangles.vcxproj", "{51A64A34-4921-4E5A-9C82-4A72CB9D8F4B}"
EndProject
Global
	GlobalSection(SolutionConfigurationPlatforms) = preSolution
		Debug|x64 = Debug|x64
		Debug|x86 = Debug|x86
		Release|x64 = Release|x64
		Release|x86 = Release|x86
	EndGlobalSection
	GlobalSection(ProjectConfigurationPlatforms) = postSolution
		{51A64A34-4921-4E5A-9C82-4A72CB9D8F4B}.Debug|x64.ActiveCfg = Debug|x64
		{51A64A34-4921-4E5A-9C82-4A72CB9D8F4B}.Debug|x64.Build.0 = Debug|x64
		{51A64A34-4921-4E5A-9C82-4A72CB9D8F4B}.Debug|x86.ActiveCfg = Debug|Win32
		{51A64A34-4921-4E5A-9C82-4A72CB9D8F4B}.Debug|x86.Build.0 = Debug|Win32
		{51A64A34-4921-4E5A-9C82-4A72CB9D8F4B}.Release|x64.ActiveCfg = Release|x64
		{51A64A34-4921-4E5A-9C82-4A72CB9D8F4B}.Release|x64.Build.0 = Release|x64
		{51A64A34-4921-4E5A-9C82-4A72CB9D8F4B}.Release|x86.ActiveCfg = Release|Win32
		{51A64A34-4921-4E5A-9C82-4A72CB9D8F4B}.Release|x86.Build.0 = Release|Win32
	EndGlobalSection
	GlobalSection(SolutionProperties) = preSolution
		HideSolutionNode = FALSE
	EndGlobalSection
	GlobalSection(ExtensibilityGlobals) = postSolution
		SolutionGuid = {8446F060-1185-4563-AC9B-CE49A33C09CA}
	EndGlobalSection
EndGlobal
